Microsoft Visual Studio Solution File, Format Version 12.00
# Visual Studio 2012
Project("{FAE04EC0-301F-11D3-BF4B-00C04F79EFBC}") = "Thrive.NET", "Thrive.NET.csproj", "{368A0D84-74A4-4BB5-9CED-8918025CC76B}"
EndProject
Global
	GlobalSection(SolutionConfigurationPlatforms) = preSolution
	Debug|Any CPU = Debug|Any CPU
	ExportDebug|Any CPU = ExportDebug|Any CPU
	ExportRelease|Any CPU = ExportRelease|Any CPU
	EndGlobalSection
	GlobalSection(ProjectConfigurationPlatforms) = postSolution
		{368A0D84-74A4-4BB5-9CED-8918025CC76B}.Debug|Any CPU.ActiveCfg = Debug|Any CPU
		{368A0D84-74A4-4BB5-9CED-8918025CC76B}.Debug|Any CPU.Build.0 = Debug|Any CPU
		{368A0D84-74A4-4BB5-9CED-8918025CC76B}.ExportDebug|Any CPU.ActiveCfg = ExportDebug|Any CPU
		{368A0D84-74A4-4BB5-9CED-8918025CC76B}.ExportDebug|Any CPU.Build.0 = ExportDebug|Any CPU
		{368A0D84-74A4-4BB5-9CED-8918025CC76B}.ExportRelease|Any CPU.ActiveCfg = ExportRelease|Any CPU
		{368A0D84-74A4-4BB5-9CED-8918025CC76B}.ExportRelease|Any CPU.Build.0 = ExportRelease|Any CPU
	EndGlobalSection
EndGlobal
